schema: '2.0'
stages:
  ani500k_small:
    cmd: zntrack run mace_models.LoadModel --name ani500k_small
    deps:
    - path: data/ani500k_small_DFT.model
      hash: md5
      md5: b33a3f83cf2a82b2b8aeafad1f32c36a
      size: 3347420
    outs:
    - path: nodes/ani500k_small/node-meta.json
      hash: md5
      md5: b42bacbabcc21e078d4575e59e6816f6
      size: 48
  hydromace:
    cmd: zntrack run mace_models.LoadModel --name hydromace
    deps:
    - path: data/qm9_and_spice_hydrogenation.model
      hash: md5
      md5: d4ed14179287ab35edf9cf519087ffb1
      size: 18272799
    outs:
    - path: nodes/hydromace/node-meta.json
      hash: md5
      md5: 18062231c5b0ad51e133c3042395f94b
      size: 64
  reference_data:
    cmd: zntrack run mace_models.XYZReader --name reference_data
    deps:
    - path: data/qm9_reference_data.xyz
      hash: md5
      md5: e2f1255b6a49f503d3de0f8b1ff78444
      size: 66841
    outs:
    - path: nodes/reference_data/node-meta.json
      hash: md5
      md5: 626efc409a8ed4e098cb746998781264
      size: 48
  linker_examples:
    cmd: zntrack run mace_models.XYZReader --name linker_examples
    deps:
    - path: data/zinc_fragments_difflinker.xyz
      hash: md5
      md5: 2c1c5785f40dab9dfd99e8f6d24d4fce
      size: 495671
    outs:
    - path: nodes/linker_examples/node-meta.json
      hash: md5
      md5: c68b20760876b6c2a21305c222f30910
      size: 48
  qm9_medium_examples:
    cmd: zntrack run mace_models.XYZReader --name qm9_medium_examples
    deps:
    - path: data/qm9_reference_data_medium.xyz
      hash: md5
      md5: e2052b156ad52faceba3bb7f8c4f1e43
      size: 558035
    outs:
    - path: nodes/qm9_medium_examples/node-meta.json
      hash: md5
      md5: 985cf6d365141d1c392499ba5d069c4f
      size: 48
  simgen_reference_data_small:
    cmd: zntrack run mace_models.XYZReader --name simgen_reference_data_small
    deps:
    - path: data/simgen_reference_data_small.xyz
      hash: md5
      md5: 966b771f36ef646979df7e4626079c61
      size: 131545
    outs:
    - path: nodes/simgen_reference_data_small/node-meta.json
      hash: md5
      md5: fd86ddc3af889d25d550efffb365e3de
      size: 64
  simgen_reference_data_medium:
    cmd: zntrack run mace_models.XYZReader --name simgen_reference_data_medium
    deps:
    - path: data/simgen_reference_data_medium.xyz
      hash: md5
      md5: eca5beb25973127dad9b9702afcc6df0
      size: 279937
    outs:
    - path: nodes/simgen_reference_data_medium/node-meta.json
      hash: md5
      md5: 7ccf51d4875369fc97855f2af6892a1c
      size: 64
  MACE-MP-0_large:
    cmd: zntrack run mace_models.LoadModel --name MACE-MP-0_large
    deps:
    - path: data/2023-10-29-mace-16M-pbenner-mptrj-no-conditional-loss.model
      hash: md5
      md5: b3c72742157485b46892333ec94e666d
      size: 133800262
    outs:
    - path: nodes/MACE-MP-0_large/node-meta.json
      hash: md5
      md5: 8cc6ec2659b5bea79a5d5820b1aeb989
      size: 48
  MACE-MP-0:
    cmd: zntrack run mace_models.LoadModel --name MACE-MP-0
    deps:
    - path: data/2023-12-03-mace-128-L1_epoch-199.model
      hash: md5
      md5: df8f93b7f59fac854f73d1618fb2ba3d
      size: 44422970
    outs:
    - path: nodes/MACE-MP-0/node-meta.json
      hash: md5
      md5: accc8a2fcb83d05845ed506eebcf9623
      size: 48
  MACE-MP-0_small:
    cmd: zntrack run mace_models.LoadModel --name MACE-MP-0_small
    deps:
    - path: data/2023-12-10-mace-128-L0_energy_epoch-249.model
      hash: md5
      md5: 46c0d3cef9d863f285918bfaa66380c4
      size: 32581838
    outs:
    - path: nodes/MACE-MP-0_small/node-meta.json
      hash: md5
      md5: 07216caf5db26a3957eeecce203f8b00
      size: 48
  OA_parent:
    cmd: zntrack run mace_models.XYZReader --name OA_parent
    deps:
    - path: data/OA.xyz
      hash: md5
      md5: f82a1250e1c347a81b7bd0a4e50fce76
      size: 4203
    outs:
    - path: nodes/OA_parent/node-meta.json
      hash: md5
      md5: 39da968568d0dc0ec603745465240317
      size: 48
  OA_ligands:
    cmd: zntrack run mace_models.XYZReader --name OA_ligands
    deps:
    - path: data/OA_ligands.xyz
      hash: md5
      md5: e330d87ead7ab8c09e294775c51ad38c
      size: 9224
    outs:
    - path: nodes/OA_ligands/node-meta.json
      hash: md5
      md5: b1d527fbfac733be215fc3bbf55c0d3b
      size: 48
  hydromace_qm9_only:
    cmd: zntrack run mace_models.LoadModel --name hydromace_qm9_only
    deps:
    - path: data/qm9_only_hydrogenation.model
      hash: md5
      md5: 1bf73fea6c187aea55ef451f268e8091
      size: 18131399
    outs:
    - path: nodes/hydromace_qm9_only/node-meta.json
      hash: md5
      md5: 2cfac915f053e7eba9549ec28fa772b8
      size: 64
  hydromace_qm9_only_high_noise:
    cmd: zntrack run mace_models.LoadModel --name hydromace_qm9_only_high_noise
    deps:
    - path: data/qm9_only_hydrogenation_high_noise.model
      hash: md5
      md5: fddfea0a112f46f41a362f876400431e
      size: 18132857
    outs:
    - path: nodes/hydromace_qm9_only_high_noise/node-meta.json
      hash: md5
      md5: bafdc19f22dfe583c87011b6495ca7b9
      size: 64
  hydromace_spice_only:
    cmd: zntrack run mace_models.LoadModel --name hydromace_spice_only
    deps:
    - path: data/spice_only_hydrogenation.model
      hash: md5
      md5: 90d52c850d0a7a6fff7e1ae6492457cf
      size: 18272563
    outs:
    - path: nodes/hydromace_spice_only/node-meta.json
      hash: md5
      md5: 4f7c78c39bc8d7a707428cb2af0b7761
      size: 64
  qm9_all:
    cmd: zntrack run mace_models.XYZReader --name qm9_all
    deps:
    - path: data/qm9_cleaned.xyz
      hash: md5
      md5: 035118854874f78e603ff517ef09b76a
      size: 298885228
    outs:
    - path: nodes/qm9_all/node-meta.json
      hash: md5
      md5: b5170b47cc1f498be9b02056c31668be
      size: 64
  simgen_reference_data_large:
    cmd: zntrack run mace_models.XYZReader --name simgen_reference_data_large
    deps:
    - path: data/simgen_reference_data_large.xyz
      hash: md5
      md5: fd721474d02777e84dd66f5be32874c9
      size: 576624
    outs:
    - path: nodes/simgen_reference_data_large/node-meta.json
      hash: md5
      md5: edb0a99aa202b972fa8517856b948641
      size: 64
  DNA_example:
    cmd: zntrack run mace_models.XYZReader --name DNA_example
    deps:
    - path: data/dna_example_cut.xyz
      hash: md5
      md5: ec4eea6ba8e50e0a3fbb770d703de5a5
      size: 27810
    outs:
    - path: nodes/DNA_example/node-meta.json
      hash: md5
      md5: 1b99a7bbe9fa7e2c738145845b1f82bf
      size: 64
  OA_docked:
    cmd: zntrack run mace_models.XYZReader --name OA_docked
    deps:
    - path: data/OA_docked.xyz
      hash: md5
      md5: a539606261c3f79fc24ea6c727e5d1c3
      size: 89384
    outs:
    - path: nodes/OA_docked/node-meta.json
      hash: md5
      md5: 253fa23096a0d13c6c883ad28e0656f7
      size: 64
  simgen_spice_reference_data_small:
    cmd: zntrack run mace_models.XYZReader --name simgen_spice_reference_data_small
    deps:
    - path: data/simgen_spice_reference_data_small.xyz
      hash: md5
      md5: f9433b61ed669ba94f375dd2b458d818
      size: 305377
    outs:
    - path: nodes/simgen_spice_reference_data_small/node-meta.json
      hash: md5
      md5: cf7204c2c0394ff3f5e88552bc82f03e
      size: 64
  simgen_spice_reference_data_medium:
    cmd: zntrack run mace_models.XYZReader --name simgen_spice_reference_data_medium
    deps:
    - path: data/simgen_spice_reference_data_medium.xyz
      hash: md5
      md5: 676af749a5a2a3ee8e81e04e1a767521
      size: 577548
    outs:
    - path: nodes/simgen_spice_reference_data_medium/node-meta.json
      hash: md5
      md5: c2b9a9ec98aab18e62f4d98eecbdbe47
      size: 64
  simgen_spice_reference_data_large:
    cmd: zntrack run mace_models.XYZReader --name simgen_spice_reference_data_large
    deps:
    - path: data/simgen_spice_reference_data_large.xyz
      hash: md5
      md5: 2d51833c8864d89feed622c98a2fc83e
      size: 1063017
    outs:
    - path: nodes/simgen_spice_reference_data_large/node-meta.json
      hash: md5
      md5: 3b4312e96947ec7976017bfaf94058d0
      size: 64
  hydromace_training:
    cmd: zntrack run mace_models.XYZReader --name hydromace_training
    deps:
    - path: data/hydromace_training_data_augmented.xyz
      hash: md5
      md5: 881c28538e6dc0d5a7189f995c4a38a4
      size: 488977464
    outs:
    - path: nodes/hydromace_training/node-meta.json
      hash: md5
      md5: 9e38bf4d428324ea069b2fe605f264e4
      size: 64
